// !$*UTF8*$!
{
	archiveVersion = 1;
	classes = {
	};
	objectVersion = 50;
	objects = {

/* Begin PBXBuildFile section */
		05414B4825F6D7440000276B /* AppDelegate.swift in Sources */ = {isa = PBXBuildFile; fileRef = 05414B4725F6D7440000276B /* AppDelegate.swift */; };
		05414B4A25F6D7440000276B /* SceneDelegate.swift in Sources */ = {isa = PBXBuildFile; fileRef = 05414B4925F6D7440000276B /* SceneDelegate.swift */; };
		05414B4C25F6D7440000276B /* ViewController.swift in Sources */ = {isa = PBXBuildFile; fileRef = 05414B4B25F6D7440000276B /* ViewController.swift */; };
		05414B4F25F6D7440000276B /* Main.storyboard in Resources */ = {isa = PBXBuildFile; fileRef = 05414B4D25F6D7440000276B /* Main.storyboard */; };
		05414B5125F6D7480000276B /* Assets.xcassets in Resources */ = {isa = PBXBuildFile; fileRef = 05414B5025F6D7480000276B /* Assets.xcassets */; };
		05414B5425F6D7480000276B /* LaunchScreen.storyboard in Resources */ = {isa = PBXBuildFile; fileRef = 05414B5225F6D7480000276B /* LaunchScreen.storyboard */; };
		05414B5F25F6D7480000276B /* homework2Tests.swift in Sources */ = {isa = PBXBuildFile; fileRef = 05414B5E25F6D7480000276B /* homework2Tests.swift */; };
		05414B6A25F6D7480000276B /* homework2UITests.swift in Sources */ = {isa = PBXBuildFile; fileRef = 05414B6925F6D7480000276B /* homework2UITests.swift */; };
/* End PBXBuildFile section */

/* Begin PBXContainerItemProxy section */
		05414B5B25F6D7480000276B /* PBXContainerItemProxy */ = {
			isa = PBXContainerItemProxy;
			containerPortal = 05414B3C25F6D7440000276B /* Project object */;
			proxyType = 1;
			remoteGlobalIDString = 05414B4325F6D7440000276B;
			remoteInfo = homework2;
		};
		05414B6625F6D7480000276B /* PBXContainerItemProxy */ = {
			isa = PBXContainerItemProxy;
			containerPortal = 05414B3C25F6D7440000276B /* Project object */;
			proxyType = 1;
			remoteGlobalIDString = 05414B4325F6D7440000276B;
			remoteInfo = homework2;
		};
/* End PBXContainerItemProxy section */

/* Begin PBXFileReference section */
		05414B4425F6D7440000276B /* homework2.app */ = {isa = PBXFileReference; explicitFileType = wrapper.application; includeInIndex = 0; path = homework2.app; sourceTree = BUILT_PRODUCTS_DIR; };
		05414B4725F6D7440000276B /* AppDelegate.swift */ = {isa = PBXFileReference; lastKnownFileType = sourcecode.swift; path = AppDelegate.swift; sourceTree = "<group>"; };
		05414B4925F6D7440000276B /* SceneDelegate.swift */ = {isa = PBXFileReference; lastKnownFileType = sourcecode.swift; path = SceneDelegate.swift; sourceTree = "<group>"; };
		05414B4B25F6D7440000276B /* ViewController.swift */ = {isa = PBXFileReference; lastKnownFileType = sourcecode.swift; path = ViewController.swift; sourceTree = "<group>"; };
		05414B4E25F6D7440000276B /* Base */ = {isa = PBXFileReference; lastKnownFileType = file.storyboard; name = Base; path = Base.lproj/Main.storyboard; sourceTree = "<group>"; };
		05414B5025F6D7480000276B /* Assets.xcassets */ = {isa = PBXFileReference; lastKnownFileType = folder.assetcatalog; path = Assets.xcassets; sourceTree = "<group>"; };
		05414B5325F6D7480000276B /* Base */ = {isa = PBXFileReference; lastKnownFileType = file.storyboard; name = Base; path = Base.lproj/LaunchScreen.storyboard; sourceTree = "<group>"; };
		05414B5525F6D7480000276B /* Info.plist */ = {isa = PBXFileReference; lastKnownFileType = text.plist.xml; path = Info.plist; sourceTree = "<group>"; };
		05414B5A25F6D7480000276B /* homework2Tests.xctest */ = {isa = PBXFileReference; explicitFileType = wrapper.cfbundle; includeInIndex = 0; path = homework2Tests.xctest; sourceTree = BUILT_PRODUCTS_DIR; };
		05414B5E25F6D7480000276B /* homework2Tests.swift */ = {isa = PBXFileReference; lastKnownFileType = sourcecode.swift; path = homework2Tests.swift; sourceTree = "<group>"; };
		05414B6025F6D7480000276B /* Info.plist */ = {isa = PBXFileReference; lastKnownFileType = text.plist.xml; path = Info.plist; sourceTree = "<group>"; };
		05414B6525F6D7480000276B /* homework2UITests.xctest */ = {isa = PBXFileReference; explicitFileType = wrapper.cfbundle; includeInIndex = 0; path = homework2UITests.xctest; sourceTree = BUILT_PRODUCTS_DIR; };
		05414B6925F6D7480000276B /* homework2UITests.swift */ = {isa = PBXFileReference; lastKnownFileType = sourcecode.swift; path = homework2UITests.swift; sourceTree = "<group>"; };
		05414B6B25F6D7480000276B /* Info.plist */ = {isa = PBXFileReference; lastKnownFileType = text.plist.xml; path = Info.plist; sourceTree = "<group>"; };
/* End PBXFileReference section */

/* Begin PBXFrameworksBuildPhase section */
		05414B4125F6D7440000276B /* Frameworks */ = {
			isa = PBXFrameworksBuildPhase;
			buildActionMask = 2147483647;
			files = (
			);
			runOnlyForDeploymentPostprocessing = 0;
		};
		05414B5725F6D7480000276B /* Frameworks */ = {
			isa = PBXFrameworksBuildPhase;
			buildActionMask = 2147483647;
			files = (
			);
			runOnlyForDeploymentPostprocessing = 0;
		};
		05414B6225F6D7480000276B /* Frameworks */ = {
			isa = PBXFrameworksBuildPhase;
			buildActionMask = 2147483647;
			files = (
			);
			runOnlyForDeploymentPostprocessing = 0;
		};
/* End PBXFrameworksBuildPhase section */

/* Begin PBXGroup section */
		05414B3B25F6D7440000276B = {
			isa = PBXGroup;
			children = (
				05414B4625F6D7440000276B /* homework2 */,
				05414B5D25F6D7480000276B /* homework2Tests */,
				05414B6825F6D7480000276B /* homework2UITests */,
				05414B4525F6D7440000276B /* Products */,
			);
			sourceTree = "<group>";
		};
		05414B4525F6D7440000276B /* Products */ = {
			isa = PBXGroup;
			children = (
				05414B4425F6D7440000276B /* homework2.app */,
				05414B5A25F6D7480000276B /* homework2Tests.xctest */,
				05414B6525F6D7480000276B /* homework2UITests.xctest */,
			);
			name = Products;
			sourceTree = "<group>";
		};
		05414B4625F6D7440000276B /* homework2 */ = {
			isa = PBXGroup;
			children = (
				05414B4725F6D7440000276B /* AppDelegate.swift */,
				05414B4925F6D7440000276B /* SceneDelegate.swift */,
				05414B4B25F6D7440000276B /* ViewController.swift */,
				05414B4D25F6D7440000276B /* Main.storyboard */,
				05414B5025F6D7480000276B /* Assets.xcassets */,
				05414B5225F6D7480000276B /* LaunchScreen.storyboard */,
				05414B5525F6D7480000276B /* Info.plist */,
			);
			path = homework2;
			sourceTree = "<group>";
		};
		05414B5D25F6D7480000276B /* homework2Tests */ = {
			isa = PBXGroup;
			children = (
				05414B5E25F6D7480000276B /* homework2Tests.swift */,
				05414B6025F6D7480000276B /* Info.plist */,
			);
			path = homework2Tests;
			sourceTree = "<group>";
		};
		05414B6825F6D7480000276B /* homework2UITests */ = {
			isa = PBXGroup;
			children = (
				05414B6925F6D7480000276B /* homework2UITests.swift */,
				05414B6B25F6D7480000276B /* Info.plist */,
			);
			path = homework2UITests;
			sourceTree = "<group>";
		};
/* End PBXGroup section */

/* Begin PBXNativeTarget section */
		05414B4325F6D7440000276B /* homework2 */ = {
			isa = PBXNativeTarget;
			buildConfigurationList = 05414B6E25F6D7480000276B /* Build configuration list for PBXNativeTarget "homework2" */;
			buildPhases = (
				05414B4025F6D7440000276B /* Sources */,
				05414B4125F6D7440000276B /* Frameworks */,
				05414B4225F6D7440000276B /* Resources */,
			);
			buildRules = (
			);
			dependencies = (
			);
			name = homework2;
			productName = homework2;
			productReference = 05414B4425F6D7440000276B /* homework2.app */;
			productType = "com.apple.product-type.application";
		};
		05414B5925F6D7480000276B /* homework2Tests */ = {
			isa = PBXNativeTarget;
			buildConfigurationList = 05414B7125F6D7480000276B /* Build configuration list for PBXNativeTarget "homework2Tests" */;
			buildPhases = (
				05414B5625F6D7480000276B /* Sources */,
				05414B5725F6D7480000276B /* Frameworks */,
				05414B5825F6D7480000276B /* Resources */,
			);
			buildRules = (
			);
			dependencies = (
				05414B5C25F6D7480000276B /* PBXTargetDependency */,
			);
			name = homework2Tests;
			productName = homework2Tests;
			productReference = 05414B5A25F6D7480000276B /* homework2Tests.xctest */;
			productType = "com.apple.product-type.bundle.unit-test";
		};
		05414B6425F6D7480000276B /* homework2UITests */ = {
			isa = PBXNativeTarget;
			buildConfigurationList = 05414B7425F6D7480000276B /* Build configuration list for PBXNativeTarget "homework2UITests" */;
			buildPhases = (
				05414B6125F6D7480000276B /* Sources */,
				05414B6225F6D7480000276B /* Frameworks */,
				05414B6325F6D7480000276B /* Resources */,
			);
			buildRules = (
			);
			dependencies = (
				05414B6725F6D7480000276B /* PBXTargetDependency */,
			);
			name = homework2UITests;
			productName = homework2UITests;
			productReference = 05414B6525F6D7480000276B /* homework2UITests.xctest */;
			productType = "com.apple.product-type.bundle.ui-testing";
		};
/* End PBXNativeTarget section */

/* Begin PBXProject section */
		05414B3C25F6D7440000276B /* Project object */ = {
			isa = PBXProject;
			attributes = {
				LastSwiftUpdateCheck = 1240;
				LastUpgradeCheck = 1240;
				TargetAttributes = {
					05414B4325F6D7440000276B = {
						CreatedOnToolsVersion = 12.4;
					};
					05414B5925F6D7480000276B = {
						CreatedOnToolsVersion = 12.4;
						TestTargetID = 05414B4325F6D7440000276B;
					};
					05414B6425F6D7480000276B = {
						CreatedOnToolsVersion = 12.4;
						TestTargetID = 05414B4325F6D7440000276B;
					};
				};
			};
			buildConfigurationList = 05414B3F25F6D7440000276B /* Build configuration list for PBXProject "homework2" */;
			compatibilityVersion = "Xcode 9.3";
			developmentRegion = en;
			hasScannedForEncodings = 0;
			knownRegions = (
				en,
				Base,
			);
			mainGroup = 05414B3B25F6D7440000276B;
			productRefGroup = 05414B4525F6D7440000276B /* Products */;
			projectDirPath = "";
			projectRoot = "";
			targets = (
				05414B4325F6D7440000276B /* homework2 */,
				05414B5925F6D7480000276B /* homework2Tests */,
				05414B6425F6D7480000276B /* homework2UITests */,
			);
		};
/* End PBXProject section */

/* Begin PBXResourcesBuildPhase section */
		05414B4225F6D7440000276B /* Resources */ = {
			isa = PBXResourcesBuildPhase;
			buildActionMask = 2147483647;
			files = (
				05414B5425F6D7480000276B /* LaunchScreen.storyboard in Resources */,
				05414B5125F6D7480000276B /* Assets.xcassets in Resources */,
				05414B4F25F6D7440000276B /* Main.storyboard in Resources */,
			);
			runOnlyForDeploymentPostprocessing = 0;
		};
		05414B5825F6D7480000276B /* Resources */ = {
			isa = PBXResourcesBuildPhase;
			buildActionMask = 2147483647;
			files = (
			);
			runOnlyForDeploymentPostprocessing = 0;
		};
		05414B6325F6D7480000276B /* Resources */ = {
			isa = PBXResourcesBuildPhase;
			buildActionMask = 2147483647;
			files = (
			);
			runOnlyForDeploymentPostprocessing = 0;
		};
/* End PBXResourcesBuildPhase section */

/* Begin PBXSourcesBuildPhase section */
		05414B4025F6D7440000276B /* Sources */ = {
			isa = PBXSourcesBuildPhase;
			buildActionMask = 2147483647;
			files = (
				05414B4C25F6D7440000276B /* ViewController.swift in Sources */,
				05414B4825F6D7440000276B /* AppDelegate.swift in Sources */,
				05414B4A25F6D7440000276B /* SceneDelegate.swift in Sources */,
			);
			runOnlyForDeploymentPostprocessing = 0;
		};
		05414B5625F6D7480000276B /* Sources */ = {
			isa = PBXSourcesBuildPhase;
			buildActionMask = 2147483647;
			files = (
				05414B5F25F6D7480000276B /* homework2Tests.swift in Sources */,
			);
			runOnlyForDeploymentPostprocessing = 0;
		};
		05414B6125F6D7480000276B /* Sources */ = {
			isa = PBXSourcesBuildPhase;
			buildActionMask = 2147483647;
			files = (
				05414B6A25F6D7480000276B /* homework2UITests.swift in Sources */,
			);
			runOnlyForDeploymentPostprocessing = 0;
		};
/* End PBXSourcesBuildPhase section */

/* Begin PBXTargetDependency section */
		05414B5C25F6D7480000276B /* PBXTargetDependency */ = {
			isa = PBXTargetDependency;
			target = 05414B4325F6D7440000276B /* homework2 */;
			targetProxy = 05414B5B25F6D7480000276B /* PBXContainerItemProxy */;
		};
		05414B6725F6D7480000276B /* PBXTargetDependency */ = {
			isa = PBXTargetDependency;
			target = 05414B4325F6D7440000276B /* homework2 */;
			targetProxy = 05414B6625F6D7480000276B /* PBXContainerItemProxy */;
		};
/* End PBXTargetDependency section */

/* Begin PBXVariantGroup section */
		05414B4D25F6D7440000276B /* Main.storyboard */ = {
			isa = PBXVariantGroup;
			children = (
				05414B4E25F6D7440000276B /* Base */,
			);
			name = Main.storyboard;
			sourceTree = "<group>";
		};
		05414B5225F6D7480000276B /* LaunchScreen.storyboard */ = {
			isa = PBXVariantGroup;
			children = (
				05414B5325F6D7480000276B /* Base */,
			);
			name = LaunchScreen.storyboard;
			sourceTree = "<group>";
		};
/* End PBXVariantGroup section */

/* Begin XCBuildConfiguration section */
		05414B6C25F6D7480000276B /* Debug */ = {
			isa = XCBuildConfiguration;
			buildSettings = {
				ALWAYS_SEARCH_USER_PATHS = NO;
				CLANG_ANALYZER_NONNULL = YES;
				CLANG_ANALYZER_NUMBER_OBJECT_CONVERSION = YES_AGGRESSIVE;
				CLANG_CXX_LANGUAGE_STANDARD = "gnu++14";
				CLANG_CXX_LIBRARY = "libc++";
				CLANG_ENABLE_MODULES = YES;
				CLANG_ENABLE_OBJC_ARC = YES;
				CLANG_ENABLE_OBJC_WEAK = YES;
				CLANG_WARN_BLOCK_CAPTURE_AUTORELEASING = YES;
				CLANG_WARN_BOOL_CONVERSION = YES;
				CLANG_WARN_COMMA = YES;
				CLANG_WARN_CONSTANT_CONVERSION = YES;
				CLANG_WARN_DEPRECATED_OBJC_IMPLEMENTATIONS = YES;
				CLANG_WARN_DIRECT_OBJC_ISA_USAGE = YES_ERROR;
				CLANG_WARN_DOCUMENTATION_COMMENTS = YES;
				CLANG_WARN_EMPTY_BODY = YES;
				CLANG_WARN_ENUM_CONVERSION = YES;
				CLANG_WARN_INFINITE_RECURSION = YES;
				CLANG_WARN_INT_CONVERSION = YES;
				CLANG_WARN_NON_LITERAL_NULL_CONVERSION = YES;
				CLANG_WARN_OBJC_IMPLICIT_RETAIN_SELF = YES;
				CLANG_WARN_OBJC_LITERAL_CONVERSION = YES;
				CLANG_WARN_OBJC_ROOT_CLASS = YES_ERROR;
				CLANG_WARN_QUOTED_INCLUDE_IN_FRAMEWORK_HEADER = YES;
				CLANG_WARN_RANGE_LOOP_ANALYSIS = YES;
				CLANG_WARN_STRICT_PROTOTYPES = YES;
				CLANG_WARN_SUSPICIOUS_MOVE = YES;
				CLANG_WARN_UNGUARDED_AVAILABILITY = YES_AGGRESSIVE;
				CLANG_WARN_UNREACHABLE_CODE = YES;
				CLANG_WARN__DUPLICATE_METHOD_MATCH = YES;
				COPY_PHASE_STRIP = NO;
				DEBUG_INFORMATION_FORMAT = dwarf;
				ENABLE_STRICT_OBJC_MSGSEND = YES;
				ENABLE_TESTABILITY = YES;
				GCC_C_LANGUAGE_STANDARD = gnu11;
				GCC_DYNAMIC_NO_PIC = NO;
				GCC_NO_COMMON_BLOCKS = YES;
				GCC_OPTIMIZATION_LEVEL = 0;
				GCC_PREPROCESSOR_DEFINITIONS = (
					"DEBUG=1",
					"$(inherited)",
				);
				GCC_WARN_64_TO_32_BIT_CONVERSION = YES;
				GCC_WARN_ABOUT_RETURN_TYPE = YES_ERROR;
				GCC_WARN_UNDECLARED_SELECTOR = YES;
				GCC_WARN_UNINITIALIZED_AUTOS = YES_AGGRESSIVE;
				GCC_WARN_UNUSED_FUNCTION = YES;
				GCC_WARN_UNUSED_VARIABLE = YES;
				IPHONEOS_DEPLOYMENT_TARGET = 14.4;
				MTL_ENABLE_DEBUG_INFO = INCLUDE_SOURCE;
				MTL_FAST_MATH = YES;
				ONLY_ACTIVE_ARCH = YES;
				SDKROOT = iphoneos;
				SWIFT_ACTIVE_COMPILATION_CONDITIONS = DEBUG;
				SWIFT_OPTIMIZATION_LEVEL = "-Onone";
			};
			name = Debug;
		};
		05414B6D25F6D7480000276B /* Release */ = {
			isa = XCBuildConfiguration;
			buildSettings = {
				ALWAYS_SEARCH_USER_PATHS = NO;
				CLANG_ANALYZER_NONNULL = YES;
				CLANG_ANALYZER_NUMBER_OBJECT_CONVERSION = YES_AGGRESSIVE;
				CLANG_CXX_LANGUAGE_STANDARD = "gnu++14";
				CLANG_CXX_LIBRARY = "libc++";
				CLANG_ENABLE_MODULES = YES;
				CLANG_ENABLE_OBJC_ARC = YES;
				CLANG_ENABLE_OBJC_WEAK = YES;
				CLANG_WARN_BLOCK_CAPTURE_AUTORELEASING = YES;
				CLANG_WARN_BOOL_CONVERSION = YES;
				CLANG_WARN_COMMA = YES;
				CLANG_WARN_CONSTANT_CONVERSION = YES;
				CLANG_WARN_DEPRECATED_OBJC_IMPLEMENTATIONS = YES;
				CLANG_WARN_DIRECT_OBJC_ISA_USAGE = YES_ERROR;
				CLANG_WARN_DOCUMENTATION_COMMENTS = YES;
				CLANG_WARN_EMPTY_BODY = YES;
				CLANG_WARN_ENUM_CONVERSION = YES;
				CLANG_WARN_INFINITE_RECURSION = YES;
				CLANG_WARN_INT_CONVERSION = YES;
				CLANG_WARN_NON_LITERAL_NULL_CONVERSION = YES;
				CLANG_WARN_OBJC_IMPLICIT_RETAIN_SELF = YES;
				CLANG_WARN_OBJC_LITERAL_CONVERSION = YES;
				CLANG_WARN_OBJC_ROOT_CLASS = YES_ERROR;
				CLANG_WARN_QUOTED_INCLUDE_IN_FRAMEWORK_HEADER = YES;
				CLANG_WARN_RANGE_LOOP_ANALYSIS = YES;
				CLANG_WARN_STRICT_PROTOTYPES = YES;
				CLANG_WARN_SUSPICIOUS_MOVE = YES;
				CLANG_WARN_UNGUARDED_AVAILABILITY = YES_AGGRESSIVE;
				CLANG_WARN_UNREACHABLE_CODE = YES;
				CLANG_WARN__DUPLICATE_METHOD_MATCH = YES;
				COPY_PHASE_STRIP = NO;
				DEBUG_INFORMATION_FORMAT = "dwarf-with-dsym";
				ENABLE_NS_ASSERTIONS = NO;
				ENABLE_STRICT_OBJC_MSGSEND = YES;
				GCC_C_LANGUAGE_STANDARD = gnu11;
				GCC_NO_COMMON_BLOCKS = YES;
				GCC_WARN_64_TO_32_BIT_CONVERSION = YES;
				GCC_WARN_ABOUT_RETURN_TYPE = YES_ERROR;
				GCC_WARN_UNDECLARED_SELECTOR = YES;
				GCC_WARN_UNINITIALIZED_AUTOS = YES_AGGRESSIVE;
				GCC_WARN_UNUSED_FUNCTION = YES;
				GCC_WARN_UNUSED_VARIABLE = YES;
				IPHONEOS_DEPLOYMENT_TARGET = 14.4;
				MTL_ENABLE_DEBUG_INFO = NO;
				MTL_FAST_MATH = YES;
				SDKROOT = iphoneos;
				SWIFT_COMPILATION_MODE = wholemodule;
				SWIFT_OPTIMIZATION_LEVEL = "-O";
				VALIDATE_PRODUCT = YES;
			};
			name = Release;
		};
		05414B6F25F6D7480000276B /* Debug */ = {
			isa = XCBuildConfiguration;
			buildSettings = {
				ASSETCATALOG_COMPILER_APPICON_NAME = AppIcon;
				ASSETCATALOG_COMPILER_GLOBAL_ACCENT_COLOR_NAME = AccentColor;
				CODE_SIGN_STYLE = Automatic;
				DEVELOPMENT_TEAM = Q743G7F384;
				INFOPLIST_FILE = homework2/Info.plist;
				LD_RUNPATH_SEARCH_PATHS = (
					"$(inherited)",
					"@executable_path/Frameworks",
				);
				PRODUCT_BUNDLE_IDENTIFIER = com.example.homework2;
				PRODUCT_NAME = "$(TARGET_NAME)";
				SWIFT_VERSION = 5.0;
				TARGETED_DEVICE_FAMILY = "1,2";
			};
			name = Debug;
		};
		05414B7025F6D7480000276B /* Release */ = {
			isa = XCBuildConfiguration;
			buildSettings = {
				ASSETCATALOG_COMPILER_APPICON_NAME = AppIcon;
				ASSETCATALOG_COMPILER_GLOBAL_ACCENT_COLOR_NAME = AccentColor;
				CODE_SIGN_STYLE = Automatic;
				DEVELOPMENT_TEAM = Q743G7F384;
				INFOPLIST_FILE = homework2/Info.plist;
				LD_RUNPATH_SEARCH_PATHS = (
					"$(inherited)",
					"@executable_path/Frameworks",
				);
				PRODUCT_BUNDLE_IDENTIFIER = com.example.homework2;
				PRODUCT_NAME = "$(TARGET_NAME)";
				SWIFT_VERSION = 5.0;
				TARGETED_DEVICE_FAMILY = "1,2";
			};
			name = Release;
		};
		05414B7225F6D7480000276B /* Debug */ = {
			isa = XCBuildConfiguration;
			buildSettings = {
				ALWAYS_EMBED_SWIFT_STANDARD_LIBRARIES = YES;
				BUNDLE_LOADER = "$(TEST_HOST)";
				CODE_SIGN_STYLE = Automatic;
				DEVELOPMENT_TEAM = Q743G7F384;
				INFOPLIST_FILE = homework2Tests/Info.plist;
				IPHONEOS_DEPLOYMENT_TARGET = 14.4;
				LD_RUNPATH_SEARCH_PATHS = (
					"$(inherited)",
					"@executable_path/Frameworks",
					"@loader_path/Frameworks",
				);
				PRODUCT_BUNDLE_IDENTIFIER = com.example.homework2Tests;
				PRODUCT_NAME = "$(TARGET_NAME)";
				SWIFT_VERSION = 5.0;
				TARGETED_DEVICE_FAMILY = "1,2";
				TEST_HOST = "$(BUILT_PRODUCTS_DIR)/homework2.app/homework2";
			};
			name = Debug;
		};
		05414B7325F6D7480000276B /* Release */ = {
			isa = XCBuildConfiguration;
			buildSettings = {
				ALWAYS_EMBED_SWIFT_STANDARD_LIBRARIES = YES;
				BUNDLE_LOADER = "$(TEST_HOST)";
				CODE_SIGN_STYLE = Automatic;
				DEVELOPMENT_TEAM = Q743G7F384;
				INFOPLIST_FILE = homework2Tests/Info.plist;
				IPHONEOS_DEPLOYMENT_TARGET = 14.4;
				LD_RUNPATH_SEARCH_PATHS = (
					"$(inherited)",
					"@executable_path/Frameworks",
					"@loader_path/Frameworks",
				);
				PRODUCT_BUNDLE_IDENTIFIER = com.example.homework2Tests;
				PRODUCT_NAME = "$(TARGET_NAME)";
				SWIFT_VERSION = 5.0;
				TARGETED_DEVICE_FAMILY = "1,2";
				TEST_HOST = "$(BUILT_PRODUCTS_DIR)/homework2.app/homework2";
			};
			name = Release;
		};
		05414B7525F6D7480000276B /* Debug */ = {
			isa = XCBuildConfiguration;
			buildSettings = {
				ALWAYS_EMBED_SWIFT_STANDARD_LIBRARIES = YES;
				CODE_SIGN_STYLE = Automatic;
				DEVELOPMENT_TEAM = Q743G7F384;
				INFOPLIST_FILE = homework2UITests/Info.plist;
				LD_RUNPATH_SEARCH_PATHS = (
					"$(inherited)",
					"@executable_path/Frameworks",
					"@loader_path/Frameworks",
				);
				PRODUCT_BUNDLE_IDENTIFIER = com.example.homework2UITests;
				PRODUCT_NAME = "$(TARGET_NAME)";
				SWIFT_VERSION = 5.0;
				TARGETED_DEVICE_FAMILY = "1,2";
				TEST_TARGET_NAME = homework2;
			};
			name = Debug;
		};
		05414B7625F6D7480000276B /* Release */ = {
			isa = XCBuildConfiguration;
			buildSettings = {
				ALWAYS_EMBED_SWIFT_STANDARD_LIBRARIES = YES;
				CODE_SIGN_STYLE = Automatic;
				DEVELOPMENT_TEAM = Q743G7F384;
				INFOPLIST_FILE = homework2UITests/Info.plist;
				LD_RUNPATH_SEARCH_PATHS = (
					"$(inherited)",
					"@executable_path/Frameworks",
					"@loader_path/Frameworks",
				);
				PRODUCT_BUNDLE_IDENTIFIER = com.example.homework2UITests;
				PRODUCT_NAME = "$(TARGET_NAME)";
				SWIFT_VERSION = 5.0;
				TARGETED_DEVICE_FAMILY = "1,2";
				TEST_TARGET_NAME = homework2;
			};
			name = Release;
		};
/* End XCBuildConfiguration section */

/* Begin XCConfigurationList section */
		05414B3F25F6D7440000276B /* Build configuration list for PBXProject "homework2" */ = {
			isa = XCConfigurationList;
			buildConfigurations = (
				05414B6C25F6D7480000276B /* Debug */,
				05414B6D25F6D7480000276B /* Release */,
			);
			defaultConfigurationIsVisible = 0;
			defaultConfigurationName = Release;
		};
		05414B6E25F6D7480000276B /* Build configuration list for PBXNativeTarget "homework2" */ = {
			isa = XCConfigurationList;
			buildConfigurations = (
				05414B6F25F6D7480000276B /* Debug */,
				05414B7025F6D7480000276B /* Release */,
			);
			defaultConfigurationIsVisible = 0;
			defaultConfigurationName = Release;
		};
		05414B7125F6D7480000276B /* Build configuration list for PBXNativeTarget "homework2Tests" */ = {
			isa = XCConfigurationList;
			buildConfigurations = (
				05414B7225F6D7480000276B /* Debug */,
				05414B7325F6D7480000276B /* Release */,
			);
			defaultConfigurationIsVisible = 0;
			defaultConfigurationName = Release;
		};
		05414B7425F6D7480000276B /* Build configuration list for PBXNativeTarget "homework2UITests" */ = {
			isa = XCConfigurationList;
			buildConfigurations = (
				05414B7525F6D7480000276B /* Debug */,
				05414B7625F6D7480000276B /* Release */,
			);
			defaultConfigurationIsVisible = 0;
			defaultConfigurationName = Release;
		};
/* End XCConfigurationList section */
	};
	rootObject = 05414B3C25F6D7440000276B /* Project object */;
}
